// !$*UTF8*$!
{
	archiveVersion = 1;
	classes = {
	};
	objectVersion = 55;
	objects = {

/* Begin PBXBuildFile section */
		60315402280DB03C007CC6B8 /* CountUpAppApp.swift in Sources */ = {isa = PBXBuildFile; fileRef = 60315401280DB03C007CC6B8 /* CountUpAppApp.swift */; };
		60315404280DB03C007CC6B8 /* ContentView.swift in Sources */ = {isa = PBXBuildFile; fileRef = 60315403280DB03C007CC6B8 /* ContentView.swift */; };
		60315406280DB03F007CC6B8 /* Assets.xcassets in Resources */ = {isa = PBXBuildFile; fileRef = 60315405280DB03F007CC6B8 /* Assets.xcassets */; };
		60315409280DB03F007CC6B8 /* Preview Assets.xcassets in Resources */ = {isa = PBXBuildFile; fileRef = 60315408280DB03F007CC6B8 /* Preview Assets.xcassets */; };
		60315413280DB03F007CC6B8 /* CountUpAppTests.swift in Sources */ = {isa = PBXBuildFile; fileRef = 60315412280DB03F007CC6B8 /* CountUpAppTests.swift */; };
		6031541D280DB03F007CC6B8 /* CountUpAppUITests.swift in Sources */ = {isa = PBXBuildFile; fileRef = 6031541C280DB03F007CC6B8 /* CountUpAppUITests.swift */; };
		6031541F280DB03F007CC6B8 /* CountUpAppUITestsLaunchTests.swift in Sources */ = {isa = PBXBuildFile; fileRef = 6031541E280DB03F007CC6B8 /* CountUpAppUITestsLaunchTests.swift */; };
/* End PBXBuildFile section */

/* Begin PBXContainerItemProxy section */
		6031540F280DB03F007CC6B8 /* PBXContainerItemProxy */ = {
			isa = PBXContainerItemProxy;
			containerPortal = 603153F6280DB03C007CC6B8 /* Project object */;
			proxyType = 1;
			remoteGlobalIDString = 603153FD280DB03C007CC6B8;
			remoteInfo = CountUpApp;
		};
		60315419280DB03F007CC6B8 /* PBXContainerItemProxy */ = {
			isa = PBXContainerItemProxy;
			containerPortal = 603153F6280DB03C007CC6B8 /* Project object */;
			proxyType = 1;
			remoteGlobalIDString = 603153FD280DB03C007CC6B8;
			remoteInfo = CountUpApp;
		};
/* End PBXContainerItemProxy section */

/* Begin PBXFileReference section */
		603153FE280DB03C007CC6B8 /* CountUpApp.app */ = {isa = PBXFileReference; explicitFileType = wrapper.application; includeInIndex = 0; path = CountUpApp.app; sourceTree = BUILT_PRODUCTS_DIR; };
		60315401280DB03C007CC6B8 /* CountUpAppApp.swift */ = {isa = PBXFileReference; lastKnownFileType = sourcecode.swift; path = CountUpAppApp.swift; sourceTree = "<group>"; };
		60315403280DB03C007CC6B8 /* ContentView.swift */ = {isa = PBXFileReference; lastKnownFileType = sourcecode.swift; path = ContentView.swift; sourceTree = "<group>"; };
		60315405280DB03F007CC6B8 /* Assets.xcassets */ = {isa = PBXFileReference; lastKnownFileType = folder.assetcatalog; path = Assets.xcassets; sourceTree = "<group>"; };
		60315408280DB03F007CC6B8 /* Preview Assets.xcassets */ = {isa = PBXFileReference; lastKnownFileType = folder.assetcatalog; path = "Preview Assets.xcassets"; sourceTree = "<group>"; };
		6031540E280DB03F007CC6B8 /* CountUpAppTests.xctest */ = {isa = PBXFileReference; explicitFileType = wrapper.cfbundle; includeInIndex = 0; path = CountUpAppTests.xctest; sourceTree = BUILT_PRODUCTS_DIR; };
		60315412280DB03F007CC6B8 /* CountUpAppTests.swift */ = {isa = PBXFileReference; lastKnownFileType = sourcecode.swift; path = CountUpAppTests.swift; sourceTree = "<group>"; };
		60315418280DB03F007CC6B8 /* CountUpAppUITests.xctest */ = {isa = PBXFileReference; explicitFileType = wrapper.cfbundle; includeInIndex = 0; path = CountUpAppUITests.xctest; sourceTree = BUILT_PRODUCTS_DIR; };
		6031541C280DB03F007CC6B8 /* CountUpAppUITests.swift */ = {isa = PBXFileReference; lastKnownFileType = sourcecode.swift; path = CountUpAppUITests.swift; sourceTree = "<group>"; };
		6031541E280DB03F007CC6B8 /* CountUpAppUITestsLaunchTests.swift */ = {isa = PBXFileReference; lastKnownFileType = sourcecode.swift; path = CountUpAppUITestsLaunchTests.swift; sourceTree = "<group>"; };
/* End PBXFileReference section */

/* Begin PBXFrameworksBuildPhase section */
		603153FB280DB03C007CC6B8 /* Frameworks */ = {
			isa = PBXFrameworksBuildPhase;
			buildActionMask = 2147483647;
			files = (
			);
			runOnlyForDeploymentPostprocessing = 0;
		};
		6031540B280DB03F007CC6B8 /* Frameworks */ = {
			isa = PBXFrameworksBuildPhase;
			buildActionMask = 2147483647;
			files = (
			);
			runOnlyForDeploymentPostprocessing = 0;
		};
		60315415280DB03F007CC6B8 /* Frameworks */ = {
			isa = PBXFrameworksBuildPhase;
			buildActionMask = 2147483647;
			files = (
			);
			runOnlyForDeploymentPostprocessing = 0;
		};
/* End PBXFrameworksBuildPhase section */

/* Begin PBXGroup section */
		603153F5280DB03C007CC6B8 = {
			isa = PBXGroup;
			children = (
				60315400280DB03C007CC6B8 /* CountUpApp */,
				60315411280DB03F007CC6B8 /* CountUpAppTests */,
				6031541B280DB03F007CC6B8 /* CountUpAppUITests */,
				603153FF280DB03C007CC6B8 /* Products */,
			);
			sourceTree = "<group>";
		};
		603153FF280DB03C007CC6B8 /* Products */ = {
			isa = PBXGroup;
			children = (
				603153FE280DB03C007CC6B8 /* CountUpApp.app */,
				6031540E280DB03F007CC6B8 /* CountUpAppTests.xctest */,
				60315418280DB03F007CC6B8 /* CountUpAppUITests.xctest */,
			);
			name = Products;
			sourceTree = "<group>";
		};
		60315400280DB03C007CC6B8 /* CountUpApp */ = {
			isa = PBXGroup;
			children = (
				60315401280DB03C007CC6B8 /* CountUpAppApp.swift */,
				60315403280DB03C007CC6B8 /* ContentView.swift */,
				60315405280DB03F007CC6B8 /* Assets.xcassets */,
				60315407280DB03F007CC6B8 /* Preview Content */,
			);
			path = CountUpApp;
			sourceTree = "<group>";
		};
		60315407280DB03F007CC6B8 /* Preview Content */ = {
			isa = PBXGroup;
			children = (
				60315408280DB03F007CC6B8 /* Preview Assets.xcassets */,
			);
			path = "Preview Content";
			sourceTree = "<group>";
		};
		60315411280DB03F007CC6B8 /* CountUpAppTests */ = {
			isa = PBXGroup;
			children = (
				60315412280DB03F007CC6B8 /* CountUpAppTests.swift */,
			);
			path = CountUpAppTests;
			sourceTree = "<group>";
		};
		6031541B280DB03F007CC6B8 /* CountUpAppUITests */ = {
			isa = PBXGroup;
			children = (
				6031541C280DB03F007CC6B8 /* CountUpAppUITests.swift */,
				6031541E280DB03F007CC6B8 /* CountUpAppUITestsLaunchTests.swift */,
			);
			path = CountUpAppUITests;
			sourceTree = "<group>";
		};
/* End PBXGroup section */

/* Begin PBXNativeTarget section */
		603153FD280DB03C007CC6B8 /* CountUpApp */ = {
			isa = PBXNativeTarget;
			buildConfigurationList = 60315422280DB03F007CC6B8 /* Build configuration list for PBXNativeTarget "CountUpApp" */;
			buildPhases = (
				603153FA280DB03C007CC6B8 /* Sources */,
				603153FB280DB03C007CC6B8 /* Frameworks */,
				603153FC280DB03C007CC6B8 /* Resources */,
			);
			buildRules = (
			);
			dependencies = (
			);
			name = CountUpApp;
			productName = CountUpApp;
			productReference = 603153FE280DB03C007CC6B8 /* CountUpApp.app */;
			productType = "com.apple.product-type.application";
		};
		6031540D280DB03F007CC6B8 /* CountUpAppTests */ = {
			isa = PBXNativeTarget;
			buildConfigurationList = 60315425280DB03F007CC6B8 /* Build configuration list for PBXNativeTarget "CountUpAppTests" */;
			buildPhases = (
				6031540A280DB03F007CC6B8 /* Sources */,
				6031540B280DB03F007CC6B8 /* Frameworks */,
				6031540C280DB03F007CC6B8 /* Resources */,
			);
			buildRules = (
			);
			dependencies = (
				60315410280DB03F007CC6B8 /* PBXTargetDependency */,
			);
			name = CountUpAppTests;
			productName = CountUpAppTests;
			productReference = 6031540E280DB03F007CC6B8 /* CountUpAppTests.xctest */;
			productType = "com.apple.product-type.bundle.unit-test";
		};
		60315417280DB03F007CC6B8 /* CountUpAppUITests */ = {
			isa = PBXNativeTarget;
			buildConfigurationList = 60315428280DB03F007CC6B8 /* Build configuration list for PBXNativeTarget "CountUpAppUITests" */;
			buildPhases = (
				60315414280DB03F007CC6B8 /* Sources */,
				60315415280DB03F007CC6B8 /* Frameworks */,
				60315416280DB03F007CC6B8 /* Resources */,
			);
			buildRules = (
			);
			dependencies = (
				6031541A280DB03F007CC6B8 /* PBXTargetDependency */,
			);
			name = CountUpAppUITests;
			productName = CountUpAppUITests;
			productReference = 60315418280DB03F007CC6B8 /* CountUpAppUITests.xctest */;
			productType = "com.apple.product-type.bundle.ui-testing";
		};
/* End PBXNativeTarget section */

/* Begin PBXProject section */
		603153F6280DB03C007CC6B8 /* Project object */ = {
			isa = PBXProject;
			attributes = {
				BuildIndependentTargetsInParallel = 1;
				LastSwiftUpdateCheck = 1330;
				LastUpgradeCheck = 1330;
				TargetAttributes = {
					603153FD280DB03C007CC6B8 = {
						CreatedOnToolsVersion = 13.3.1;
					};
					6031540D280DB03F007CC6B8 = {
						CreatedOnToolsVersion = 13.3.1;
						TestTargetID = 603153FD280DB03C007CC6B8;
					};
					60315417280DB03F007CC6B8 = {
						CreatedOnToolsVersion = 13.3.1;
						TestTargetID = 603153FD280DB03C007CC6B8;
					};
				};
			};
			buildConfigurationList = 603153F9280DB03C007CC6B8 /* Build configuration list for PBXProject "CountUpApp" */;
			compatibilityVersion = "Xcode 13.0";
			developmentRegion = en;
			hasScannedForEncodings = 0;
			knownRegions = (
				en,
				Base,
			);
			mainGroup = 603153F5280DB03C007CC6B8;
			productRefGroup = 603153FF280DB03C007CC6B8 /* Products */;
			projectDirPath = "";
			projectRoot = "";
			targets = (
				603153FD280DB03C007CC6B8 /* CountUpApp */,
				6031540D280DB03F007CC6B8 /* CountUpAppTests */,
				60315417280DB03F007CC6B8 /* CountUpAppUITests */,
			);
		};
/* End PBXProject section */

/* Begin PBXResourcesBuildPhase section */
		603153FC280DB03C007CC6B8 /* Resources */ = {
			isa = PBXResourcesBuildPhase;
			buildActionMask = 2147483647;
			files = (
				60315409280DB03F007CC6B8 /* Preview Assets.xcassets in Resources */,
				60315406280DB03F007CC6B8 /* Assets.xcassets in Resources */,
			);
			runOnlyForDeploymentPostprocessing = 0;
		};
		6031540C280DB03F007CC6B8 /* Resources */ = {
			isa = PBXResourcesBuildPhase;
			buildActionMask = 2147483647;
			files = (
			);
			runOnlyForDeploymentPostprocessing = 0;
		};
		60315416280DB03F007CC6B8 /* Resources */ = {
			isa = PBXResourcesBuildPhase;
			buildActionMask = 2147483647;
			files = (
			);
			runOnlyForDeploymentPostprocessing = 0;
		};
/* End PBXResourcesBuildPhase section */

/* Begin PBXSourcesBuildPhase section */
		603153FA280DB03C007CC6B8 /* Sources */ = {
			isa = PBXSourcesBuildPhase;
			buildActionMask = 2147483647;
			files = (
				60315404280DB03C007CC6B8 /* ContentView.swift in Sources */,
				60315402280DB03C007CC6B8 /* CountUpAppApp.swift in Sources */,
			);
			runOnlyForDeploymentPostprocessing = 0;
		};
		6031540A280DB03F007CC6B8 /* Sources */ = {
			isa = PBXSourcesBuildPhase;
			buildActionMask = 2147483647;
			files = (
				60315413280DB03F007CC6B8 /* CountUpAppTests.swift in Sources */,
			);
			runOnlyForDeploymentPostprocessing = 0;
		};
		60315414280DB03F007CC6B8 /* Sources */ = {
			isa = PBXSourcesBuildPhase;
			buildActionMask = 2147483647;
			files = (
				6031541D280DB03F007CC6B8 /* CountUpAppUITests.swift in Sources */,
				6031541F280DB03F007CC6B8 /* CountUpAppUITestsLaunchTests.swift in Sources */,
			);
			runOnlyForDeploymentPostprocessing = 0;
		};
/* End PBXSourcesBuildPhase section */

/* Begin PBXTargetDependency section */
		60315410280DB03F007CC6B8 /* PBXTargetDependency */ = {
			isa = PBXTargetDependency;
			target = 603153FD280DB03C007CC6B8 /* CountUpApp */;
			targetProxy = 6031540F280DB03F007CC6B8 /* PBXContainerItemProxy */;
		};
		6031541A280DB03F007CC6B8 /* PBXTargetDependency */ = {
			isa = PBXTargetDependency;
			target = 603153FD280DB03C007CC6B8 /* CountUpApp */;
			targetProxy = 60315419280DB03F007CC6B8 /* PBXContainerItemProxy */;
		};
/* End PBXTargetDependency section */

/* Begin XCBuildConfiguration section */
		60315420280DB03F007CC6B8 /* Debug */ = {
			isa = XCBuildConfiguration;
			buildSettings = {
				ALWAYS_SEARCH_USER_PATHS = NO;
				CLANG_ANALYZER_NONNULL = YES;
				CLANG_ANALYZER_NUMBER_OBJECT_CONVERSION = YES_AGGRESSIVE;
				CLANG_CXX_LANGUAGE_STANDARD = "gnu++17";
				CLANG_ENABLE_MODULES = YES;
				CLANG_ENABLE_OBJC_ARC = YES;
				CLANG_ENABLE_OBJC_WEAK = YES;
				CLANG_WARN_BLOCK_CAPTURE_AUTORELEASING = YES;
				CLANG_WARN_BOOL_CONVERSION = YES;
				CLANG_WARN_COMMA = YES;
				CLANG_WARN_CONSTANT_CONVERSION = YES;
				CLANG_WARN_DEPRECATED_OBJC_IMPLEMENTATIONS = YES;
				CLANG_WARN_DIRECT_OBJC_ISA_USAGE = YES_ERROR;
				CLANG_WARN_DOCUMENTATION_COMMENTS = YES;
				CLANG_WARN_EMPTY_BODY = YES;
				CLANG_WARN_ENUM_CONVERSION = YES;
				CLANG_WARN_INFINITE_RECURSION = YES;
				CLANG_WARN_INT_CONVERSION = YES;
				CLANG_WARN_NON_LITERAL_NULL_CONVERSION = YES;
				CLANG_WARN_OBJC_IMPLICIT_RETAIN_SELF = YES;
				CLANG_WARN_OBJC_LITERAL_CONVERSION = YES;
				CLANG_WARN_OBJC_ROOT_CLASS = YES_ERROR;
				CLANG_WARN_QUOTED_INCLUDE_IN_FRAMEWORK_HEADER = YES;
				CLANG_WARN_RANGE_LOOP_ANALYSIS = YES;
				CLANG_WARN_STRICT_PROTOTYPES = YES;
				CLANG_WARN_SUSPICIOUS_MOVE = YES;
				CLANG_WARN_UNGUARDED_AVAILABILITY = YES_AGGRESSIVE;
				CLANG_WARN_UNREACHABLE_CODE = YES;
				CLANG_WARN__DUPLICATE_METHOD_MATCH = YES;
				COPY_PHASE_STRIP = NO;
				DEBUG_INFORMATION_FORMAT = dwarf;
				ENABLE_STRICT_OBJC_MSGSEND = YES;
				ENABLE_TESTABILITY = YES;
				GCC_C_LANGUAGE_STANDARD = gnu11;
				GCC_DYNAMIC_NO_PIC = NO;
				GCC_NO_COMMON_BLOCKS = YES;
				GCC_OPTIMIZATION_LEVEL = 0;
				GCC_PREPROCESSOR_DEFINITIONS = (
					"DEBUG=1",
					"$(inherited)",
				);
				GCC_WARN_64_TO_32_BIT_CONVERSION = YES;
				GCC_WARN_ABOUT_RETURN_TYPE = YES_ERROR;
				GCC_WARN_UNDECLARED_SELECTOR = YES;
				GCC_WARN_UNINITIALIZED_AUTOS = YES_AGGRESSIVE;
				GCC_WARN_UNUSED_FUNCTION = YES;
				GCC_WARN_UNUSED_VARIABLE = YES;
				IPHONEOS_DEPLOYMENT_TARGET = 15.4;
				MTL_ENABLE_DEBUG_INFO = INCLUDE_SOURCE;
				MTL_FAST_MATH = YES;
				ONLY_ACTIVE_ARCH = YES;
				SDKROOT = iphoneos;
				SWIFT_ACTIVE_COMPILATION_CONDITIONS = DEBUG;
				SWIFT_OPTIMIZATION_LEVEL = "-Onone";
			};
			name = Debug;
		};
		60315421280DB03F007CC6B8 /* Release */ = {
			isa = XCBuildConfiguration;
			buildSettings = {
				ALWAYS_SEARCH_USER_PATHS = NO;
				CLANG_ANALYZER_NONNULL = YES;
				CLANG_ANALYZER_NUMBER_OBJECT_CONVERSION = YES_AGGRESSIVE;
				CLANG_CXX_LANGUAGE_STANDARD = "gnu++17";
				CLANG_ENABLE_MODULES = YES;
				CLANG_ENABLE_OBJC_ARC = YES;
				CLANG_ENABLE_OBJC_WEAK = YES;
				CLANG_WARN_BLOCK_CAPTURE_AUTORELEASING = YES;
				CLANG_WARN_BOOL_CONVERSION = YES;
				CLANG_WARN_COMMA = YES;
				CLANG_WARN_CONSTANT_CONVERSION = YES;
				CLANG_WARN_DEPRECATED_OBJC_IMPLEMENTATIONS = YES;
				CLANG_WARN_DIRECT_OBJC_ISA_USAGE = YES_ERROR;
				CLANG_WARN_DOCUMENTATION_COMMENTS = YES;
				CLANG_WARN_EMPTY_BODY = YES;
				CLANG_WARN_ENUM_CONVERSION = YES;
				CLANG_WARN_INFINITE_RECURSION = YES;
				CLANG_WARN_INT_CONVERSION = YES;
				CLANG_WARN_NON_LITERAL_NULL_CONVERSION = YES;
				CLANG_WARN_OBJC_IMPLICIT_RETAIN_SELF = YES;
				CLANG_WARN_OBJC_LITERAL_CONVERSION = YES;
				CLANG_WARN_OBJC_ROOT_CLASS = YES_ERROR;
				CLANG_WARN_QUOTED_INCLUDE_IN_FRAMEWORK_HEADER = YES;
				CLANG_WARN_RANGE_LOOP_ANALYSIS = YES;
				CLANG_WARN_STRICT_PROTOTYPES = YES;
				CLANG_WARN_SUSPICIOUS_MOVE = YES;
				CLANG_WARN_UNGUARDED_AVAILABILITY = YES_AGGRESSIVE;
				CLANG_WARN_UNREACHABLE_CODE = YES;
				CLANG_WARN__DUPLICATE_METHOD_MATCH = YES;
				COPY_PHASE_STRIP = NO;
				DEBUG_INFORMATION_FORMAT = "dwarf-with-dsym";
				ENABLE_NS_ASSERTIONS = NO;
				ENABLE_STRICT_OBJC_MSGSEND = YES;
				GCC_C_LANGUAGE_STANDARD = gnu11;
				GCC_NO_COMMON_BLOCKS = YES;
				GCC_WARN_64_TO_32_BIT_CONVERSION = YES;
				GCC_WARN_ABOUT_RETURN_TYPE = YES_ERROR;
				GCC_WARN_UNDECLARED_SELECTOR = YES;
				GCC_WARN_UNINITIALIZED_AUTOS = YES_AGGRESSIVE;
				GCC_WARN_UNUSED_FUNCTION = YES;
				GCC_WARN_UNUSED_VARIABLE = YES;
				IPHONEOS_DEPLOYMENT_TARGET = 15.4;
				MTL_ENABLE_DEBUG_INFO = NO;
				MTL_FAST_MATH = YES;
				SDKROOT = iphoneos;
				SWIFT_COMPILATION_MODE = wholemodule;
				SWIFT_OPTIMIZATION_LEVEL = "-O";
				VALIDATE_PRODUCT = YES;
			};
			name = Release;
		};
		60315423280DB03F007CC6B8 /* Debug */ = {
			isa = XCBuildConfiguration;
			buildSettings = {
				ASSETCATALOG_COMPILER_APPICON_NAME = AppIcon;
				ASSETCATALOG_COMPILER_GLOBAL_ACCENT_COLOR_NAME = AccentColor;
				CODE_SIGN_STYLE = Automatic;
				CURRENT_PROJECT_VERSION = 1;
				DEVELOPMENT_ASSET_PATHS = "\"CountUpApp/Preview Content\"";
				DEVELOPMENT_TEAM = HK7X8QAWY2;
				ENABLE_PREVIEWS = YES;
				GENERATE_INFOPLIST_FILE = YES;
				INFOPLIST_KEY_UIApplicationSceneManifest_Generation = YES;
				INFOPLIST_KEY_UIApplicationSupportsIndirectInputEvents = YES;
				INFOPLIST_KEY_UILaunchScreen_Generation = YES;
				INFOPLIST_KEY_UISupportedInterfaceOrientations_iPad = "UIInterfaceOrientationPortrait UIInterfaceOrientationPortraitUpsideDown UIInterfaceOrientationLandscapeLeft UIInterfaceOrientationLandscapeRight";
				INFOPLIST_KEY_UISupportedInterfaceOrientations_iPhone = "UIInterfaceOrientationPortrait UIInterfaceOrientationLandscapeLeft UIInterfaceOrientationLandscapeRight";
				LD_RUNPATH_SEARCH_PATHS = (
					"$(inherited)",
					"@executable_path/Frameworks",
				);
				MARKETING_VERSION = 1.0;
				PRODUCT_BUNDLE_IDENTIFIER = com.OrenBigMuff.CountUpApp;
				PRODUCT_NAME = "$(TARGET_NAME)";
				SWIFT_EMIT_LOC_STRINGS = YES;
				SWIFT_VERSION = 5.0;
				TARGETED_DEVICE_FAMILY = "1,2";
			};
			name = Debug;
		};
		60315424280DB03F007CC6B8 /* Release */ = {
			isa = XCBuildConfiguration;
			buildSettings = {
				ASSETCATALOG_COMPILER_APPICON_NAME = AppIcon;
				ASSETCATALOG_COMPILER_GLOBAL_ACCENT_COLOR_NAME = AccentColor;
				CODE_SIGN_STYLE = Automatic;
				CURRENT_PROJECT_VERSION = 1;
				DEVELOPMENT_ASSET_PATHS = "\"CountUpApp/Preview Content\"";
				DEVELOPMENT_TEAM = HK7X8QAWY2;
				ENABLE_PREVIEWS = YES;
				GENERATE_INFOPLIST_FILE = YES;
				INFOPLIST_KEY_UIApplicationSceneManifest_Generation = YES;
				INFOPLIST_KEY_UIApplicationSupportsIndirectInputEvents = YES;
				INFOPLIST_KEY_UILaunchScreen_Generation = YES;
				INFOPLIST_KEY_UISupportedInterfaceOrientations_iPad = "UIInterfaceOrientationPortrait UIInterfaceOrientationPortraitUpsideDown UIInterfaceOrientationLandscapeLeft UIInterfaceOrientationLandscapeRight";
				INFOPLIST_KEY_UISupportedInterfaceOrientations_iPhone = "UIInterfaceOrientationPortrait UIInterfaceOrientationLandscapeLeft UIInterfaceOrientationLandscapeRight";
				LD_RUNPATH_SEARCH_PATHS = (
					"$(inherited)",
					"@executable_path/Frameworks",
				);
				MARKETING_VERSION = 1.0;
				PRODUCT_BUNDLE_IDENTIFIER = com.OrenBigMuff.CountUpApp;
				PRODUCT_NAME = "$(TARGET_NAME)";
				SWIFT_EMIT_LOC_STRINGS = YES;
				SWIFT_VERSION = 5.0;
				TARGETED_DEVICE_FAMILY = "1,2";
			};
			name = Release;
		};
		60315426280DB03F007CC6B8 /* Debug */ = {
			isa = XCBuildConfiguration;
			buildSettings = {
				ALWAYS_EMBED_SWIFT_STANDARD_LIBRARIES = YES;
				BUNDLE_LOADER = "$(TEST_HOST)";
				CODE_SIGN_STYLE = Automatic;
				CURRENT_PROJECT_VERSION = 1;
				DEVELOPMENT_TEAM = HK7X8QAWY2;
				GENERATE_INFOPLIST_FILE = YES;
				IPHONEOS_DEPLOYMENT_TARGET = 15.4;
				MARKETING_VERSION = 1.0;
				PRODUCT_BUNDLE_IDENTIFIER = com.OrenBigMuff.CountUpAppTests;
				PRODUCT_NAME = "$(TARGET_NAME)";
				SWIFT_EMIT_LOC_STRINGS = NO;
				SWIFT_VERSION = 5.0;
				TARGETED_DEVICE_FAMILY = "1,2";
				TEST_HOST = "$(BUILT_PRODUCTS_DIR)/CountUpApp.app/CountUpApp";
			};
			name = Debug;
		};
		60315427280DB03F007CC6B8 /* Release */ = {
			isa = XCBuildConfiguration;
			buildSettings = {
				ALWAYS_EMBED_SWIFT_STANDARD_LIBRARIES = YES;
				BUNDLE_LOADER = "$(TEST_HOST)";
				CODE_SIGN_STYLE = Automatic;
				CURRENT_PROJECT_VERSION = 1;
				DEVELOPMENT_TEAM = HK7X8QAWY2;
				GENERATE_INFOPLIST_FILE = YES;
				IPHONEOS_DEPLOYMENT_TARGET = 15.4;
				MARKETING_VERSION = 1.0;
				PRODUCT_BUNDLE_IDENTIFIER = com.OrenBigMuff.CountUpAppTests;
				PRODUCT_NAME = "$(TARGET_NAME)";
				SWIFT_EMIT_LOC_STRINGS = NO;
				SWIFT_VERSION = 5.0;
				TARGETED_DEVICE_FAMILY = "1,2";
				TEST_HOST = "$(BUILT_PRODUCTS_DIR)/CountUpApp.app/CountUpApp";
			};
			name = Release;
		};
		60315429280DB03F007CC6B8 /* Debug */ = {
			isa = XCBuildConfiguration;
			buildSettings = {
				ALWAYS_EMBED_SWIFT_STANDARD_LIBRARIES = YES;
				CODE_SIGN_STYLE = Automatic;
				CURRENT_PROJECT_VERSION = 1;
				DEVELOPMENT_TEAM = HK7X8QAWY2;
				GENERATE_INFOPLIST_FILE = YES;
				MARKETING_VERSION = 1.0;
				PRODUCT_BUNDLE_IDENTIFIER = com.OrenBigMuff.CountUpAppUITests;
				PRODUCT_NAME = "$(TARGET_NAME)";
				SWIFT_EMIT_LOC_STRINGS = NO;
				SWIFT_VERSION = 5.0;
				TARGETED_DEVICE_FAMILY = "1,2";
				TEST_TARGET_NAME = CountUpApp;
			};
			name = Debug;
		};
		6031542A280DB03F007CC6B8 /* Release */ = {
			isa = XCBuildConfiguration;
			buildSettings = {
				ALWAYS_EMBED_SWIFT_STANDARD_LIBRARIES = YES;
				CODE_SIGN_STYLE = Automatic;
				CURRENT_PROJECT_VERSION = 1;
				DEVELOPMENT_TEAM = HK7X8QAWY2;
				GENERATE_INFOPLIST_FILE = YES;
				MARKETING_VERSION = 1.0;
				PRODUCT_BUNDLE_IDENTIFIER = com.OrenBigMuff.CountUpAppUITests;
				PRODUCT_NAME = "$(TARGET_NAME)";
				SWIFT_EMIT_LOC_STRINGS = NO;
				SWIFT_VERSION = 5.0;
				TARGETED_DEVICE_FAMILY = "1,2";
				TEST_TARGET_NAME = CountUpApp;
			};
			name = Release;
		};
/* End XCBuildConfiguration section */

/* Begin XCConfigurationList section */
		603153F9280DB03C007CC6B8 /* Build configuration list for PBXProject "CountUpApp" */ = {
			isa = XCConfigurationList;
			buildConfigurations = (
				60315420280DB03F007CC6B8 /* Debug */,
				60315421280DB03F007CC6B8 /* Release */,
			);
			defaultConfigurationIsVisible = 0;
			defaultConfigurationName = Release;
		};
		60315422280DB03F007CC6B8 /* Build configuration list for PBXNativeTarget "CountUpApp" */ = {
			isa = XCConfigurationList;
			buildConfigurations = (
				60315423280DB03F007CC6B8 /* Debug */,
				60315424280DB03F007CC6B8 /* Release */,
			);
			defaultConfigurationIsVisible = 0;
			defaultConfigurationName = Release;
		};
		60315425280DB03F007CC6B8 /* Build configuration list for PBXNativeTarget "CountUpAppTests" */ = {
			isa = XCConfigurationList;
			buildConfigurations = (
				60315426280DB03F007CC6B8 /* Debug */,
				60315427280DB03F007CC6B8 /* Release */,
			);
			defaultConfigurationIsVisible = 0;
			defaultConfigurationName = Release;
		};
		60315428280DB03F007CC6B8 /* Build configuration list for PBXNativeTarget "CountUpAppUITests" */ = {
			isa = XCConfigurationList;
			buildConfigurations = (
				60315429280DB03F007CC6B8 /* Debug */,
				6031542A280DB03F007CC6B8 /* Release */,
			);
			defaultConfigurationIsVisible = 0;
			defaultConfigurationName = Release;
		};
/* End XCConfigurationList section */
	};
	rootObject = 603153F6280DB03C007CC6B8 /* Project object */;
}
